
Microsoft Visual Studio Solution File, Format Version 12.00
# Visual Studio Version 16
VisualStudioVersion = 16.0.29424.173
MinimumVisualStudioVersion = 10.0.40219.1
Project("{9A19103F-16F7-4668-BE54-9A1E7A4F7556}") = "AgendTelefonica", "AgendTelefonica\AgendTelefonica.csproj", "{542FDB17-BB9A-4278-BD35-F845C4C3766D}"
EndProject
Project("{FAE04EC0-301F-11D3-BF4B-00C04F79EFBC}") = "AgendaTelefonica.Repositorio", "AgendaTelefonica.Repositorio\AgendaTelefonica.Repositorio.csproj", "{ECE50FFA-C504-48D4-A0EE-2F47F385DD2D}"
EndProject
Global
	GlobalSection(SolutionConfigurationPlatforms) = preSolution
		Debug|Any CPU = Debug|Any CPU
		Release|Any CPU = Release|Any CPU
	EndGlobalSection
	GlobalSection(ProjectConfigurationPlatforms) = postSolution
		{542FDB17-BB9A-4278-BD35-F845C4C3766D}.Debug|Any CPU.ActiveCfg = Debug|Any CPU
		{542FDB17-BB9A-4278-BD35-F845C4C3766D}.Debug|Any CPU.Build.0 = Debug|Any CPU
		{542FDB17-BB9A-4278-BD35-F845C4C3766D}.Release|Any CPU.ActiveCfg = Release|Any CPU
		{542FDB17-BB9A-4278-BD35-F845C4C3766D}.Release|Any CPU.Build.0 = Release|Any CPU
		{ECE50FFA-C504-48D4-A0EE-2F47F385DD2D}.Debug|Any CPU.ActiveCfg = Debug|Any CPU
		{ECE50FFA-C504-48D4-A0EE-2F47F385DD2D}.Debug|Any CPU.Build.0 = Debug|Any CPU
		{ECE50FFA-C504-48D4-A0EE-2F47F385DD2D}.Release|Any CPU.ActiveCfg = Release|Any CPU
		{ECE50FFA-C504-48D4-A0EE-2F47F385DD2D}.Release|Any CPU.Build.0 = Release|Any CPU
	EndGlobalSection
	GlobalSection(SolutionProperties) = preSolution
		HideSolutionNode = FALSE
	EndGlobalSection
	GlobalSection(ExtensibilityGlobals) = postSolution
		SolutionGuid = {11064B02-AB6D-4B36-A965-91C636E896BA}
	EndGlobalSection
EndGlobal
