
Microsoft Visual Studio Solution File, Format Version 12.00
# Visual Studio Version 16
VisualStudioVersion = 16.0.29424.173
MinimumVisualStudioVersion = 10.0.40219.1
Project("{9A19103F-16F7-4668-BE54-9A1E7A4F7556}") = "OOClasse", "OOClasse\OOClasse.csproj", "{2EAFE4F4-6FFA-4CE2-8A14-A9DC90AB48A5}"
EndProject
Project("{9A19103F-16F7-4668-BE54-9A1E7A4F7556}") = "Crushs", "..\..\source\repos\Crushs\Crushs\Crushs.csproj", "{C9CBB930-4137-4AA9-8242-64BAD5F0A06F}"
EndProject
Global
	GlobalSection(SolutionConfigurationPlatforms) = preSolution
		Debug|Any CPU = Debug|Any CPU
		Release|Any CPU = Release|Any CPU
	EndGlobalSection
	GlobalSection(ProjectConfigurationPlatforms) = postSolution
		{2EAFE4F4-6FFA-4CE2-8A14-A9DC90AB48A5}.Debug|Any CPU.ActiveCfg = Debug|Any CPU
		{2EAFE4F4-6FFA-4CE2-8A14-A9DC90AB48A5}.Debug|Any CPU.Build.0 = Debug|Any CPU
		{2EAFE4F4-6FFA-4CE2-8A14-A9DC90AB48A5}.Release|Any CPU.ActiveCfg = Release|Any CPU
		{2EAFE4F4-6FFA-4CE2-8A14-A9DC90AB48A5}.Release|Any CPU.Build.0 = Release|Any CPU
		{C9CBB930-4137-4AA9-8242-64BAD5F0A06F}.Debug|Any CPU.ActiveCfg = Debug|Any CPU
		{C9CBB930-4137-4AA9-8242-64BAD5F0A06F}.Debug|Any CPU.Build.0 = Debug|Any CPU
		{C9CBB930-4137-4AA9-8242-64BAD5F0A06F}.Release|Any CPU.ActiveCfg = Release|Any CPU
		{C9CBB930-4137-4AA9-8242-64BAD5F0A06F}.Release|Any CPU.Build.0 = Release|Any CPU
	EndGlobalSection
	GlobalSection(SolutionProperties) = preSolution
		HideSolutionNode = FALSE
	EndGlobalSection
	GlobalSection(ExtensibilityGlobals) = postSolution
		SolutionGuid = {5E9576A5-E961-4AC4-B94F-11092EEBE84E}
	EndGlobalSection
EndGlobal
